
Microsoft Visual Studio Solution File, Format Version 12.00
# Visual Studio Version 17
VisualStudioVersion = 17.12.35527.113 d17.12
MinimumVisualStudioVersion = 10.0.40219.1
Project("{FAE04EC0-301F-11D3-BF4B-00C04F79EFBC}") = "IfElse", "IfElse\IfElse.csproj", "{39138CAF-4F0E-4275-961A-C10967E13AEB}"
EndProject
Global
	GlobalSection(SolutionConfigurationPlatforms) = preSolution
		Debug|Any CPU = Debug|Any CPU
		Release|Any CPU = Release|Any CPU
	EndGlobalSection
	GlobalSection(ProjectConfigurationPlatforms) = postSolution
		{39138CAF-4F0E-4275-961A-C10967E13AEB}.Debug|Any CPU.ActiveCfg = Debug|Any CPU
		{39138CAF-4F0E-4275-961A-C10967E13AEB}.Debug|Any CPU.Build.0 = Debug|Any CPU
		{39138CAF-4F0E-4275-961A-C10967E13AEB}.Release|Any CPU.ActiveCfg = Release|Any CPU
		{39138CAF-4F0E-4275-961A-C10967E13AEB}.Release|Any CPU.Build.0 = Release|Any CPU
	EndGlobalSection
	GlobalSection(SolutionProperties) = preSolution
		HideSolutionNode = FALSE
	EndGlobalSection
EndGlobal
